
Microsoft Visual Studio Solution File, Format Version 12.00
# Visual Studio Version 17
VisualStudioVersion = 17.10.35013.160
MinimumVisualStudioVersion = 10.0.40219.1
Project("{FAE04EC0-301F-11D3-BF4B-00C04F79EFBC}") = "pickme transport", "pickme transport\pickme transport.csproj", "{229ED8B8-86D6-4FD9-B989-7DCA4BCCECFE}"
EndProject
Global
	GlobalSection(SolutionConfigurationPlatforms) = preSolution
		Debug|Any CPU = Debug|Any CPU
		Release|Any CPU = Release|Any CPU
	EndGlobalSection
	GlobalSection(ProjectConfigurationPlatforms) = postSolution
		{229ED8B8-86D6-4FD9-B989-7DCA4BCCECFE}.Debug|Any CPU.ActiveCfg = Debug|Any CPU
		{229ED8B8-86D6-4FD9-B989-7DCA4BCCECFE}.Debug|Any CPU.Build.0 = Debug|Any CPU
		{229ED8B8-86D6-4FD9-B989-7DCA4BCCECFE}.Release|Any CPU.ActiveCfg = Release|Any CPU
		{229ED8B8-86D6-4FD9-B989-7DCA4BCCECFE}.Release|Any CPU.Build.0 = Release|Any CPU
	EndGlobalSection
	GlobalSection(SolutionProperties) = preSolution
		HideSolutionNode = FALSE
	EndGlobalSection
	GlobalSection(ExtensibilityGlobals) = postSolution
		SolutionGuid = {83AFD279-B3E9-4165-81F0-2E343EFAA025}
	EndGlobalSection
EndGlobal
